
Microsoft Visual Studio Solution File, Format Version 12.00
# Visual Studio 2015
Project("{FAE04EC0-301F-11D3-BF4B-00C04F79EFBC}") = "Flight-Club.CSharp.Plugins", "Flight-Club.CSharp.Plugins.csproj", "{2908EABB-35E3-285E-5C73-261A18F9417A}"
EndProject
Project("{FAE04EC0-301F-11D3-BF4B-00C04F79EFBC}") = "Flight-Club.CSharp", "Flight-Club.CSharp.csproj", "{5027E84C-679F-97B3-F098-ED6DF33050A1}"
EndProject
Project("{FAE04EC0-301F-11D3-BF4B-00C04F79EFBC}") = "Flight-Club.CSharp.Editor", "Flight-Club.CSharp.Editor.csproj", "{FA3C93B5-D63B-6054-DD1D-7462B56AE9B3}"
EndProject
Global
	GlobalSection(SolutionConfigurationPlatforms) = preSolution
		Debug|Any CPU = Debug|Any CPU
		Release|Any CPU = Release|Any CPU
	EndGlobalSection
	GlobalSection(ProjectConfigurationPlatforms) = postSolution
		{2908EABB-35E3-285E-5C73-261A18F9417A}.Debug|Any CPU.ActiveCfg = Debug|Any CPU
		{2908EABB-35E3-285E-5C73-261A18F9417A}.Debug|Any CPU.Build.0 = Debug|Any CPU
		{2908EABB-35E3-285E-5C73-261A18F9417A}.Release|Any CPU.ActiveCfg = Release|Any CPU
		{2908EABB-35E3-285E-5C73-261A18F9417A}.Release|Any CPU.Build.0 = Release|Any CPU
		{5027E84C-679F-97B3-F098-ED6DF33050A1}.Debug|Any CPU.ActiveCfg = Debug|Any CPU
		{5027E84C-679F-97B3-F098-ED6DF33050A1}.Debug|Any CPU.Build.0 = Debug|Any CPU
		{5027E84C-679F-97B3-F098-ED6DF33050A1}.Release|Any CPU.ActiveCfg = Release|Any CPU
		{5027E84C-679F-97B3-F098-ED6DF33050A1}.Release|Any CPU.Build.0 = Release|Any CPU
		{FA3C93B5-D63B-6054-DD1D-7462B56AE9B3}.Debug|Any CPU.ActiveCfg = Debug|Any CPU
		{FA3C93B5-D63B-6054-DD1D-7462B56AE9B3}.Debug|Any CPU.Build.0 = Debug|Any CPU
		{FA3C93B5-D63B-6054-DD1D-7462B56AE9B3}.Release|Any CPU.ActiveCfg = Release|Any CPU
		{FA3C93B5-D63B-6054-DD1D-7462B56AE9B3}.Release|Any CPU.Build.0 = Release|Any CPU
	EndGlobalSection
	GlobalSection(SolutionProperties) = preSolution
		HideSolutionNode = FALSE
	EndGlobalSection
EndGlobal
